// !$*UTF8*$!
{
	archiveVersion = 1;
	classes = {
	};
	objectVersion = 77;
	objects = {

/* Begin PBXBuildFile section */
		567B99B22DA47843005CC6D3 /* SQLite in Frameworks */ = {isa = PBXBuildFile; productRef = 567B99B12DA47843005CC6D3 /* SQLite */; };
		567B9A722DA48A57005CC6D3 /* SwiftSoup in Frameworks */ = {isa = PBXBuildFile; productRef = 567B9A712DA48A57005CC6D3 /* SwiftSoup */; };
		567B9A862DA48C05005CC6D3 /* RijndaelSwift in Frameworks */ = {isa = PBXBuildFile; productRef = 567B9A852DA48C05005CC6D3 /* RijndaelSwift */; };
		567B9AEF2DA49FFE005CC6D3 /* Swinject in Frameworks */ = {isa = PBXBuildFile; productRef = 567B9AEE2DA49FFE005CC6D3 /* Swinject */; };
		567B9AF22DA4A011005CC6D3 /* SwinjectAutoregistration in Frameworks */ = {isa = PBXBuildFile; productRef = 567B9AF12DA4A011005CC6D3 /* SwinjectAutoregistration */; };
		567B9EF92DB4E6AE005CC6D3 /* FirebaseAnalytics in Frameworks */ = {isa = PBXBuildFile; productRef = 567B9EF82DB4E6AE005CC6D3 /* FirebaseAnalytics */; };
		567BA0F02DB4EBAF005CC6D3 /* GoogleMobileAds in Frameworks */ = {isa = PBXBuildFile; productRef = 567BA0EF2DB4EBAF005CC6D3 /* GoogleMobileAds */; };
/* End PBXBuildFile section */

/* Begin PBXContainerItemProxy section */
		567B992F2DA3C42C005CC6D3 /* PBXContainerItemProxy */ = {
			isa = PBXContainerItemProxy;
			containerPortal = 567B99172DA3C42B005CC6D3 /* Project object */;
			proxyType = 1;
			remoteGlobalIDString = 567B991E2DA3C42B005CC6D3;
			remoteInfo = "Nutrient Logger";
		};
		567B99392DA3C42C005CC6D3 /* PBXContainerItemProxy */ = {
			isa = PBXContainerItemProxy;
			containerPortal = 567B99172DA3C42B005CC6D3 /* Project object */;
			proxyType = 1;
			remoteGlobalIDString = 567B991E2DA3C42B005CC6D3;
			remoteInfo = "Nutrient Logger";
		};
/* End PBXContainerItemProxy section */

/* Begin PBXFileReference section */
		567B991F2DA3C42B005CC6D3 /* Nutrient Logger.app */ = {isa = PBXFileReference; explicitFileType = wrapper.application; includeInIndex = 0; path = "Nutrient Logger.app"; sourceTree = BUILT_PRODUCTS_DIR; };
		567B992E2DA3C42C005CC6D3 /* Nutrient LoggerTests.xctest */ = {isa = PBXFileReference; explicitFileType = wrapper.cfbundle; includeInIndex = 0; path = "Nutrient LoggerTests.xctest"; sourceTree = BUILT_PRODUCTS_DIR; };
		567B99382DA3C42C005CC6D3 /* Nutrient LoggerUITests.xctest */ = {isa = PBXFileReference; explicitFileType = wrapper.cfbundle; includeInIndex = 0; path = "Nutrient LoggerUITests.xctest"; sourceTree = BUILT_PRODUCTS_DIR; };
/* End PBXFileReference section */

/* Begin PBXFileSystemSynchronizedBuildFileExceptionSet section */
		567B995D2DA3C990005CC6D3 /* Exceptions for "Nutrient Logger" folder in "Nutrient LoggerTests" target */ = {
			isa = PBXFileSystemSynchronizedBuildFileExceptionSet;
			membershipExceptions = (
				Domain/ConsumedFood.swift,
				Domain/FoodItem.swift,
				Domain/MealTime.swift,
				Domain/Nutrient.swift,
				Domain/NutrientFoodPair.swift,
				Domain/NutrientGroup.swift,
				Domain/Portion.swift,
				Domain/Rdi/LifeStageNutrientRdi.swift,
				Domain/Rdi/NutrientRdis.swift,
				Domain/Rdi/SpecificNutrients/Biotin_RDIs.swift,
				Domain/Rdi/SpecificNutrients/Boron_RDIs.swift,
				Domain/Rdi/SpecificNutrients/Calcium_RDIs.swift,
				Domain/Rdi/SpecificNutrients/Choline_RDIs.swift,
				Domain/Rdi/SpecificNutrients/Chromium_RDIs.swift,
				Domain/Rdi/SpecificNutrients/Copper_RDIs.swift,
				Domain/Rdi/SpecificNutrients/Fluoride_RDIs.swift,
				Domain/Rdi/SpecificNutrients/Folate_RDIs.swift,
				Domain/Rdi/SpecificNutrients/Iodine_RDIs.swift,
				Domain/Rdi/SpecificNutrients/Iron_RDIs.swift,
				Domain/Rdi/SpecificNutrients/Magnesium_RDIs.swift,
				Domain/Rdi/SpecificNutrients/Manganese_RDIs.swift,
				Domain/Rdi/SpecificNutrients/Molybdenum_RDIs.swift,
				Domain/Rdi/SpecificNutrients/Niacin_RDIs.swift,
				Domain/Rdi/SpecificNutrients/Omega3ALA_RDIs.swift,
				Domain/Rdi/SpecificNutrients/PantothenicAcid_RDIs.swift,
				Domain/Rdi/SpecificNutrients/Phosphorus_RDIs.swift,
				Domain/Rdi/SpecificNutrients/Potassium_RDIs.swift,
				Domain/Rdi/SpecificNutrients/Riboflavin_RDIs.swift,
				Domain/Rdi/SpecificNutrients/Selenium_RDIs.swift,
				Domain/Rdi/SpecificNutrients/Sodium_RDIs.swift,
				Domain/Rdi/SpecificNutrients/Thiamin_RDIs.swift,
				Domain/Rdi/SpecificNutrients/VitaminA_RDIs.swift,
				Domain/Rdi/SpecificNutrients/VitaminB6_RDIs.swift,
				Domain/Rdi/SpecificNutrients/VitaminB12_RDIs.swift,
				Domain/Rdi/SpecificNutrients/VitaminC_RDIs.swift,
				Domain/Rdi/SpecificNutrients/VitaminD_RDIs.swift,
				Domain/Rdi/SpecificNutrients/VitaminE_RDIs.swift,
				Domain/Rdi/SpecificNutrients/VitaminK_RDIs.swift,
				Domain/Rdi/SpecificNutrients/Zinc_RDIs.swift,
				Domain/Rdi/UsdaNutrientRdiLibrary.swift,
				Domain/SimpleDate.swift,
				Domain/WeightUnit.swift,
				Extensions/ArrayExtensions.swift,
				Extensions/BundleExtensions.swift,
				Extensions/CGFloatExtensions.swift,
				Extensions/DateExtensions.swift,
				Extensions/DoubleExtensions.swift,
				Extensions/RijndaelExtensions.swift,
				Extensions/SequenceExtensions.swift,
				Extensions/StringExtensions.swift,
				Extensions/UIColorExtensions.swift,
				Extensions/ViewExtensions.swift,
				FdcDatabase/BundledFdcDatabase.swift,
				FdcDatabase/Domain/FdcFood.swift,
				FdcDatabase/Domain/FdcFoodContainingNutrientCount.swift,
				FdcDatabase/Domain/FdcNutrient.swift,
				FdcDatabase/Domain/FdcNutrientFoodPair.swift,
				FdcDatabase/Domain/FdcNutrientLink.swift,
				FdcDatabase/Domain/FdcPortion.swift,
				FdcDatabase/Domain/FdcSearchableFood.swift,
				FdcDatabase/FdcNutrientGrouper.swift,
				FdcDatabase/FdcNutrientGroupMapper.swift,
				FdcDatabase/FdcSearchableFoodDatabase.swift,
				FdcDatabase/FdcSupportingDataDatabase.swift,
				Mocks/LocalDatabaseForScreenshots.swift,
				Mocks/MockAnalyticsEngine.swift,
				Mocks/MockConsumedFoodSaverAnalytics.swift,
				Mocks/MockFoodSaver.swift,
				Mocks/MockHTMLDocumentLoader.swift,
				Mocks/MockNutrientLoggerAnalytics.swift,
				Mocks/MockRemoteDatabase.swift,
				Mocks/MockUserMealAnalytics.swift,
				Mocks/MockUserMealsAnalytics.swift,
				Mocks/MockUserProfileAnalytics.swift,
				Mocks/MockUserService.swift,
				Mocks/RemoteDatabaseForScreenshots.swift,
				Mocks/UserMealsDatabaseForScreenshots.swift,
				Mocks/UserServiceForScreenshots.swift,
				Scenes/AppSetup/SwinjectContainer.swift,
				Scenes/ConsumedNutrientDetails/Domain/NutrientExplanation.swift,
				Scenes/ConsumedNutrientDetails/Workers/HtmlDocumentLoader.swift,
				Scenes/ConsumedNutrientDetails/Workers/NutrientExplanationLoader.swift,
				Scenes/ConsumedNutrientDetails/Workers/NutrientNumberToPropsMap.swift,
				Scenes/Dashboard/Domain/DashboardCarbsSection.swift,
				Scenes/Dashboard/Domain/DashboardMealList.swift,
				Scenes/Dashboard/Domain/NutrientDataAggregator.swift,
				Scenes/FoodDetails/Workers/FoodSaver.swift,
				Scenes/FoodSearch/Domain/SearchCategory.swift,
				Scenes/FoodSearch/Domain/SearchResult.swift,
				Scenes/FoodSearch/Workers/FtsQueryGenerator.swift,
				Scenes/FoodSearch/Workers/RemoteDatabase.swift,
				Scenes/Meals/Domain/Meal.swift,
				Scenes/User/Domain/Gender.swift,
				Scenes/User/Domain/User.swift,
				Scenes/User/Workers/UserService.swift,
				Utils/Analytics/FirebaseAnalytics.swift,
				Utils/Analytics/NutrientLoggerAnalytics.swift,
				Utils/AppInfo.swift,
				Utils/AttributedStringBuilder.swift,
				Utils/Clock.swift,
				Utils/ReviewPrompter.swift,
				Utils/Stack.swift,
				Values/Colors.swift,
			);
			target = 567B992D2DA3C42C005CC6D3 /* Nutrient LoggerTests */;
		};
/* End PBXFileSystemSynchronizedBuildFileExceptionSet section */

/* Begin PBXFileSystemSynchronizedRootGroup section */
		567B99212DA3C42B005CC6D3 /* Nutrient Logger */ = {
			isa = PBXFileSystemSynchronizedRootGroup;
			exceptions = (
				567B995D2DA3C990005CC6D3 /* Exceptions for "Nutrient Logger" folder in "Nutrient LoggerTests" target */,
			);
			path = "Nutrient Logger";
			sourceTree = "<group>";
		};
		567B99312DA3C42C005CC6D3 /* Nutrient LoggerTests */ = {
			isa = PBXFileSystemSynchronizedRootGroup;
			path = "Nutrient LoggerTests";
			sourceTree = "<group>";
		};
		567B993B2DA3C42C005CC6D3 /* Nutrient LoggerUITests */ = {
			isa = PBXFileSystemSynchronizedRootGroup;
			path = "Nutrient LoggerUITests";
			sourceTree = "<group>";
		};
/* End PBXFileSystemSynchronizedRootGroup section */

/* Begin PBXFrameworksBuildPhase section */
		567B991C2DA3C42B005CC6D3 /* Frameworks */ = {
			isa = PBXFrameworksBuildPhase;
			buildActionMask = 2147483647;
			files = (
				567B99B22DA47843005CC6D3 /* SQLite in Frameworks */,
				567B9A862DA48C05005CC6D3 /* RijndaelSwift in Frameworks */,
				567B9EF92DB4E6AE005CC6D3 /* FirebaseAnalytics in Frameworks */,
				567B9AF22DA4A011005CC6D3 /* SwinjectAutoregistration in Frameworks */,
				567B9A722DA48A57005CC6D3 /* SwiftSoup in Frameworks */,
				567B9AEF2DA49FFE005CC6D3 /* Swinject in Frameworks */,
				567BA0F02DB4EBAF005CC6D3 /* GoogleMobileAds in Frameworks */,
			);
			runOnlyForDeploymentPostprocessing = 0;
		};
		567B992B2DA3C42C005CC6D3 /* Frameworks */ = {
			isa = PBXFrameworksBuildPhase;
			buildActionMask = 2147483647;
			files = (
			);
			runOnlyForDeploymentPostprocessing = 0;
		};
		567B99352DA3C42C005CC6D3 /* Frameworks */ = {
			isa = PBXFrameworksBuildPhase;
			buildActionMask = 2147483647;
			files = (
			);
			runOnlyForDeploymentPostprocessing = 0;
		};
/* End PBXFrameworksBuildPhase section */

/* Begin PBXGroup section */
		567B99162DA3C42B005CC6D3 = {
			isa = PBXGroup;
			children = (
				567B99212DA3C42B005CC6D3 /* Nutrient Logger */,
				567B99312DA3C42C005CC6D3 /* Nutrient LoggerTests */,
				567B993B2DA3C42C005CC6D3 /* Nutrient LoggerUITests */,
				567B99202DA3C42B005CC6D3 /* Products */,
			);
			sourceTree = "<group>";
		};
		567B99202DA3C42B005CC6D3 /* Products */ = {
			isa = PBXGroup;
			children = (
				567B991F2DA3C42B005CC6D3 /* Nutrient Logger.app */,
				567B992E2DA3C42C005CC6D3 /* Nutrient LoggerTests.xctest */,
				567B99382DA3C42C005CC6D3 /* Nutrient LoggerUITests.xctest */,
			);
			name = Products;
			sourceTree = "<group>";
		};
/* End PBXGroup section */

/* Begin PBXNativeTarget section */
		567B991E2DA3C42B005CC6D3 /* Nutrient Logger */ = {
			isa = PBXNativeTarget;
			buildConfigurationList = 567B99422DA3C42C005CC6D3 /* Build configuration list for PBXNativeTarget "Nutrient Logger" */;
			buildPhases = (
				567B991B2DA3C42B005CC6D3 /* Sources */,
				567B991C2DA3C42B005CC6D3 /* Frameworks */,
				567B991D2DA3C42B005CC6D3 /* Resources */,
			);
			buildRules = (
			);
			dependencies = (
			);
			fileSystemSynchronizedGroups = (
				567B99212DA3C42B005CC6D3 /* Nutrient Logger */,
			);
			name = "Nutrient Logger";
			packageProductDependencies = (
				567B99B12DA47843005CC6D3 /* SQLite */,
				567B9A712DA48A57005CC6D3 /* SwiftSoup */,
				567B9A852DA48C05005CC6D3 /* RijndaelSwift */,
				567B9AEE2DA49FFE005CC6D3 /* Swinject */,
				567B9AF12DA4A011005CC6D3 /* SwinjectAutoregistration */,
				567B9EF82DB4E6AE005CC6D3 /* FirebaseAnalytics */,
				567BA0EF2DB4EBAF005CC6D3 /* GoogleMobileAds */,
			);
			productName = "Nutrient Logger";
			productReference = 567B991F2DA3C42B005CC6D3 /* Nutrient Logger.app */;
			productType = "com.apple.product-type.application";
		};
		567B992D2DA3C42C005CC6D3 /* Nutrient LoggerTests */ = {
			isa = PBXNativeTarget;
			buildConfigurationList = 567B99452DA3C42C005CC6D3 /* Build configuration list for PBXNativeTarget "Nutrient LoggerTests" */;
			buildPhases = (
				567B992A2DA3C42C005CC6D3 /* Sources */,
				567B992B2DA3C42C005CC6D3 /* Frameworks */,
				567B992C2DA3C42C005CC6D3 /* Resources */,
			);
			buildRules = (
			);
			dependencies = (
				567B99302DA3C42C005CC6D3 /* PBXTargetDependency */,
			);
			fileSystemSynchronizedGroups = (
				567B99312DA3C42C005CC6D3 /* Nutrient LoggerTests */,
			);
			name = "Nutrient LoggerTests";
			packageProductDependencies = (
			);
			productName = "Nutrient LoggerTests";
			productReference = 567B992E2DA3C42C005CC6D3 /* Nutrient LoggerTests.xctest */;
			productType = "com.apple.product-type.bundle.unit-test";
		};
		567B99372DA3C42C005CC6D3 /* Nutrient LoggerUITests */ = {
			isa = PBXNativeTarget;
			buildConfigurationList = 567B99482DA3C42C005CC6D3 /* Build configuration list for PBXNativeTarget "Nutrient LoggerUITests" */;
			buildPhases = (
				567B99342DA3C42C005CC6D3 /* Sources */,
				567B99352DA3C42C005CC6D3 /* Frameworks */,
				567B99362DA3C42C005CC6D3 /* Resources */,
			);
			buildRules = (
			);
			dependencies = (
				567B993A2DA3C42C005CC6D3 /* PBXTargetDependency */,
			);
			fileSystemSynchronizedGroups = (
				567B993B2DA3C42C005CC6D3 /* Nutrient LoggerUITests */,
			);
			name = "Nutrient LoggerUITests";
			packageProductDependencies = (
			);
			productName = "Nutrient LoggerUITests";
			productReference = 567B99382DA3C42C005CC6D3 /* Nutrient LoggerUITests.xctest */;
			productType = "com.apple.product-type.bundle.ui-testing";
		};
/* End PBXNativeTarget section */

/* Begin PBXProject section */
		567B99172DA3C42B005CC6D3 /* Project object */ = {
			isa = PBXProject;
			attributes = {
				BuildIndependentTargetsInParallel = 1;
				LastSwiftUpdateCheck = 1630;
				LastUpgradeCheck = 1630;
				TargetAttributes = {
					567B991E2DA3C42B005CC6D3 = {
						CreatedOnToolsVersion = 16.3;
					};
					567B992D2DA3C42C005CC6D3 = {
						CreatedOnToolsVersion = 16.3;
						LastSwiftMigration = 1630;
						TestTargetID = 567B991E2DA3C42B005CC6D3;
					};
					567B99372DA3C42C005CC6D3 = {
						CreatedOnToolsVersion = 16.3;
						TestTargetID = 567B991E2DA3C42B005CC6D3;
					};
				};
			};
			buildConfigurationList = 567B991A2DA3C42B005CC6D3 /* Build configuration list for PBXProject "Nutrient Logger" */;
			developmentRegion = en;
			hasScannedForEncodings = 0;
			knownRegions = (
				en,
				Base,
			);
			mainGroup = 567B99162DA3C42B005CC6D3;
			minimizedProjectReferenceProxies = 1;
			packageReferences = (
				567B99B02DA47843005CC6D3 /* XCRemoteSwiftPackageReference "SQLite.swift" */,
				567B9A702DA48A57005CC6D3 /* XCRemoteSwiftPackageReference "SwiftSoup" */,
				567B9A842DA48C05005CC6D3 /* XCRemoteSwiftPackageReference "RijndaelSwift" */,
				567B9AED2DA49FFE005CC6D3 /* XCRemoteSwiftPackageReference "Swinject" */,
				567B9AF02DA4A011005CC6D3 /* XCRemoteSwiftPackageReference "SwinjectAutoregistration" */,
				567B9EF72DB4E6AE005CC6D3 /* XCRemoteSwiftPackageReference "firebase-ios-sdk" */,
				567BA0EE2DB4EBAF005CC6D3 /* XCRemoteSwiftPackageReference "swift-package-manager-google-mobile-ads" */,
			);
			preferredProjectObjectVersion = 77;
			productRefGroup = 567B99202DA3C42B005CC6D3 /* Products */;
			projectDirPath = "";
			projectRoot = "";
			targets = (
				567B991E2DA3C42B005CC6D3 /* Nutrient Logger */,
				567B992D2DA3C42C005CC6D3 /* Nutrient LoggerTests */,
				567B99372DA3C42C005CC6D3 /* Nutrient LoggerUITests */,
			);
		};
/* End PBXProject section */

/* Begin PBXResourcesBuildPhase section */
		567B991D2DA3C42B005CC6D3 /* Resources */ = {
			isa = PBXResourcesBuildPhase;
			buildActionMask = 2147483647;
			files = (
			);
			runOnlyForDeploymentPostprocessing = 0;
		};
		567B992C2DA3C42C005CC6D3 /* Resources */ = {
			isa = PBXResourcesBuildPhase;
			buildActionMask = 2147483647;
			files = (
			);
			runOnlyForDeploymentPostprocessing = 0;
		};
		567B99362DA3C42C005CC6D3 /* Resources */ = {
			isa = PBXResourcesBuildPhase;
			buildActionMask = 2147483647;
			files = (
			);
			runOnlyForDeploymentPostprocessing = 0;
		};
/* End PBXResourcesBuildPhase section */

/* Begin PBXSourcesBuildPhase section */
		567B991B2DA3C42B005CC6D3 /* Sources */ = {
			isa = PBXSourcesBuildPhase;
			buildActionMask = 2147483647;
			files = (
			);
			runOnlyForDeploymentPostprocessing = 0;
		};
		567B992A2DA3C42C005CC6D3 /* Sources */ = {
			isa = PBXSourcesBuildPhase;
			buildActionMask = 2147483647;
			files = (
			);
			runOnlyForDeploymentPostprocessing = 0;
		};
		567B99342DA3C42C005CC6D3 /* Sources */ = {
			isa = PBXSourcesBuildPhase;
			buildActionMask = 2147483647;
			files = (
			);
			runOnlyForDeploymentPostprocessing = 0;
		};
/* End PBXSourcesBuildPhase section */

/* Begin PBXTargetDependency section */
		567B99302DA3C42C005CC6D3 /* PBXTargetDependency */ = {
			isa = PBXTargetDependency;
			target = 567B991E2DA3C42B005CC6D3 /* Nutrient Logger */;
			targetProxy = 567B992F2DA3C42C005CC6D3 /* PBXContainerItemProxy */;
		};
		567B993A2DA3C42C005CC6D3 /* PBXTargetDependency */ = {
			isa = PBXTargetDependency;
			target = 567B991E2DA3C42B005CC6D3 /* Nutrient Logger */;
			targetProxy = 567B99392DA3C42C005CC6D3 /* PBXContainerItemProxy */;
		};
/* End PBXTargetDependency section */

/* Begin XCBuildConfiguration section */
		567B99402DA3C42C005CC6D3 /* Debug */ = {
			isa = XCBuildConfiguration;
			buildSettings = {
				ALWAYS_SEARCH_USER_PATHS = NO;
				ASSETCATALOG_COMPILER_GENERATE_SWIFT_ASSET_SYMBOL_EXTENSIONS = YES;
				CLANG_ANALYZER_NONNULL = YES;
				CLANG_ANALYZER_NUMBER_OBJECT_CONVERSION = YES_AGGRESSIVE;
				CLANG_CXX_LANGUAGE_STANDARD = "gnu++20";
				CLANG_ENABLE_MODULES = YES;
				CLANG_ENABLE_OBJC_ARC = YES;
				CLANG_ENABLE_OBJC_WEAK = YES;
				CLANG_WARN_BLOCK_CAPTURE_AUTORELEASING = YES;
				CLANG_WARN_BOOL_CONVERSION = YES;
				CLANG_WARN_COMMA = YES;
				CLANG_WARN_CONSTANT_CONVERSION = YES;
				CLANG_WARN_DEPRECATED_OBJC_IMPLEMENTATIONS = YES;
				CLANG_WARN_DIRECT_OBJC_ISA_USAGE = YES_ERROR;
				CLANG_WARN_DOCUMENTATION_COMMENTS = YES;
				CLANG_WARN_EMPTY_BODY = YES;
				CLANG_WARN_ENUM_CONVERSION = YES;
				CLANG_WARN_INFINITE_RECURSION = YES;
				CLANG_WARN_INT_CONVERSION = YES;
				CLANG_WARN_NON_LITERAL_NULL_CONVERSION = YES;
				CLANG_WARN_OBJC_IMPLICIT_RETAIN_SELF = YES;
				CLANG_WARN_OBJC_LITERAL_CONVERSION = YES;
				CLANG_WARN_OBJC_ROOT_CLASS = YES_ERROR;
				CLANG_WARN_QUOTED_INCLUDE_IN_FRAMEWORK_HEADER = YES;
				CLANG_WARN_RANGE_LOOP_ANALYSIS = YES;
				CLANG_WARN_STRICT_PROTOTYPES = YES;
				CLANG_WARN_SUSPICIOUS_MOVE = YES;
				CLANG_WARN_UNGUARDED_AVAILABILITY = YES_AGGRESSIVE;
				CLANG_WARN_UNREACHABLE_CODE = YES;
				CLANG_WARN__DUPLICATE_METHOD_MATCH = YES;
				COPY_PHASE_STRIP = NO;
				DEBUG_INFORMATION_FORMAT = dwarf;
				DEVELOPMENT_TEAM = QTXW6735S3;
				ENABLE_STRICT_OBJC_MSGSEND = YES;
				ENABLE_TESTABILITY = YES;
				ENABLE_USER_SCRIPT_SANDBOXING = YES;
				GCC_C_LANGUAGE_STANDARD = gnu17;
				GCC_DYNAMIC_NO_PIC = NO;
				GCC_NO_COMMON_BLOCKS = YES;
				GCC_OPTIMIZATION_LEVEL = 0;
				GCC_PREPROCESSOR_DEFINITIONS = (
					"DEBUG=1",
					"$(inherited)",
				);
				GCC_WARN_64_TO_32_BIT_CONVERSION = YES;
				GCC_WARN_ABOUT_RETURN_TYPE = YES_ERROR;
				GCC_WARN_UNDECLARED_SELECTOR = YES;
				GCC_WARN_UNINITIALIZED_AUTOS = YES_AGGRESSIVE;
				GCC_WARN_UNUSED_FUNCTION = YES;
				GCC_WARN_UNUSED_VARIABLE = YES;
				IPHONEOS_DEPLOYMENT_TARGET = 18.4;
				LOCALIZATION_PREFERS_STRING_CATALOGS = YES;
				MTL_ENABLE_DEBUG_INFO = INCLUDE_SOURCE;
				MTL_FAST_MATH = YES;
				ONLY_ACTIVE_ARCH = YES;
				SDKROOT = iphoneos;
				SWIFT_ACTIVE_COMPILATION_CONDITIONS = "DEBUG $(inherited)";
				SWIFT_OPTIMIZATION_LEVEL = "-Onone";
			};
			name = Debug;
		};
		567B99412DA3C42C005CC6D3 /* Release */ = {
			isa = XCBuildConfiguration;
			buildSettings = {
				ALWAYS_SEARCH_USER_PATHS = NO;
				ASSETCATALOG_COMPILER_GENERATE_SWIFT_ASSET_SYMBOL_EXTENSIONS = YES;
				CLANG_ANALYZER_NONNULL = YES;
				CLANG_ANALYZER_NUMBER_OBJECT_CONVERSION = YES_AGGRESSIVE;
				CLANG_CXX_LANGUAGE_STANDARD = "gnu++20";
				CLANG_ENABLE_MODULES = YES;
				CLANG_ENABLE_OBJC_ARC = YES;
				CLANG_ENABLE_OBJC_WEAK = YES;
				CLANG_WARN_BLOCK_CAPTURE_AUTORELEASING = YES;
				CLANG_WARN_BOOL_CONVERSION = YES;
				CLANG_WARN_COMMA = YES;
				CLANG_WARN_CONSTANT_CONVERSION = YES;
				CLANG_WARN_DEPRECATED_OBJC_IMPLEMENTATIONS = YES;
				CLANG_WARN_DIRECT_OBJC_ISA_USAGE = YES_ERROR;
				CLANG_WARN_DOCUMENTATION_COMMENTS = YES;
				CLANG_WARN_EMPTY_BODY = YES;
				CLANG_WARN_ENUM_CONVERSION = YES;
				CLANG_WARN_INFINITE_RECURSION = YES;
				CLANG_WARN_INT_CONVERSION = YES;
				CLANG_WARN_NON_LITERAL_NULL_CONVERSION = YES;
				CLANG_WARN_OBJC_IMPLICIT_RETAIN_SELF = YES;
				CLANG_WARN_OBJC_LITERAL_CONVERSION = YES;
				CLANG_WARN_OBJC_ROOT_CLASS = YES_ERROR;
				CLANG_WARN_QUOTED_INCLUDE_IN_FRAMEWORK_HEADER = YES;
				CLANG_WARN_RANGE_LOOP_ANALYSIS = YES;
				CLANG_WARN_STRICT_PROTOTYPES = YES;
				CLANG_WARN_SUSPICIOUS_MOVE = YES;
				CLANG_WARN_UNGUARDED_AVAILABILITY = YES_AGGRESSIVE;
				CLANG_WARN_UNREACHABLE_CODE = YES;
				CLANG_WARN__DUPLICATE_METHOD_MATCH = YES;
				COPY_PHASE_STRIP = NO;
				DEBUG_INFORMATION_FORMAT = "dwarf-with-dsym";
				DEVELOPMENT_TEAM = QTXW6735S3;
				ENABLE_NS_ASSERTIONS = NO;
				ENABLE_STRICT_OBJC_MSGSEND = YES;
				ENABLE_USER_SCRIPT_SANDBOXING = YES;
				GCC_C_LANGUAGE_STANDARD = gnu17;
				GCC_NO_COMMON_BLOCKS = YES;
				GCC_WARN_64_TO_32_BIT_CONVERSION = YES;
				GCC_WARN_ABOUT_RETURN_TYPE = YES_ERROR;
				GCC_WARN_UNDECLARED_SELECTOR = YES;
				GCC_WARN_UNINITIALIZED_AUTOS = YES_AGGRESSIVE;
				GCC_WARN_UNUSED_FUNCTION = YES;
				GCC_WARN_UNUSED_VARIABLE = YES;
				IPHONEOS_DEPLOYMENT_TARGET = 18.4;
				LOCALIZATION_PREFERS_STRING_CATALOGS = YES;
				MTL_ENABLE_DEBUG_INFO = NO;
				MTL_FAST_MATH = YES;
				SDKROOT = iphoneos;
				SWIFT_COMPILATION_MODE = wholemodule;
				VALIDATE_PRODUCT = YES;
			};
			name = Release;
		};
		567B99432DA3C42C005CC6D3 /* Debug */ = {
			isa = XCBuildConfiguration;
			buildSettings = {
				ASSETCATALOG_COMPILER_APPICON_NAME = AppIcon;
				ASSETCATALOG_COMPILER_GLOBAL_ACCENT_COLOR_NAME = AccentColor;
				CODE_SIGN_STYLE = Automatic;
				CURRENT_PROJECT_VERSION = 1;
				DEVELOPMENT_TEAM = QTXW6735S3;
				ENABLE_PREVIEWS = YES;
				GENERATE_INFOPLIST_FILE = YES;
				INFOPLIST_FILE = "Nutrient-Logger-Info.plist";
				INFOPLIST_KEY_CFBundleDisplayName = "Nutrient Logger";
				INFOPLIST_KEY_ITSAppUsesNonExemptEncryption = NO;
				INFOPLIST_KEY_UIApplicationSceneManifest_Generation = YES;
				INFOPLIST_KEY_UIApplicationSupportsIndirectInputEvents = YES;
				INFOPLIST_KEY_UILaunchScreen_Generation = YES;
				INFOPLIST_KEY_UISupportedInterfaceOrientations = UIInterfaceOrientationPortrait;
				INFOPLIST_KEY_UISupportedInterfaceOrientations_iPad = "UIInterfaceOrientationLandscapeLeft UIInterfaceOrientationLandscapeRight UIInterfaceOrientationPortrait UIInterfaceOrientationPortraitUpsideDown";
				LD_RUNPATH_SEARCH_PATHS = (
					"$(inherited)",
					"@executable_path/Frameworks",
				);
				MARKETING_VERSION = 3.2;
				PRODUCT_BUNDLE_IDENTIFIER = com.jasonsapps.NutrientLogger;
				PRODUCT_NAME = "$(TARGET_NAME)";
				SUPPORTED_PLATFORMS = "iphoneos iphonesimulator";
				SUPPORTS_MACCATALYST = NO;
				SUPPORTS_MAC_DESIGNED_FOR_IPHONE_IPAD = NO;
				SUPPORTS_XR_DESIGNED_FOR_IPHONE_IPAD = NO;
				SWIFT_EMIT_LOC_STRINGS = YES;
				SWIFT_VERSION = 5.0;
				TARGETED_DEVICE_FAMILY = 1;
			};
			name = Debug;
		};
		567B99442DA3C42C005CC6D3 /* Release */ = {
			isa = XCBuildConfiguration;
			buildSettings = {
				ASSETCATALOG_COMPILER_APPICON_NAME = AppIcon;
				ASSETCATALOG_COMPILER_GLOBAL_ACCENT_COLOR_NAME = AccentColor;
				CODE_SIGN_STYLE = Automatic;
				CURRENT_PROJECT_VERSION = 1;
				DEVELOPMENT_TEAM = QTXW6735S3;
				ENABLE_PREVIEWS = YES;
				GENERATE_INFOPLIST_FILE = YES;
				INFOPLIST_FILE = "Nutrient-Logger-Info.plist";
				INFOPLIST_KEY_CFBundleDisplayName = "Nutrient Logger";
				INFOPLIST_KEY_ITSAppUsesNonExemptEncryption = NO;
				INFOPLIST_KEY_UIApplicationSceneManifest_Generation = YES;
				INFOPLIST_KEY_UIApplicationSupportsIndirectInputEvents = YES;
				INFOPLIST_KEY_UILaunchScreen_Generation = YES;
				INFOPLIST_KEY_UISupportedInterfaceOrientations = UIInterfaceOrientationPortrait;
				INFOPLIST_KEY_UISupportedInterfaceOrientations_iPad = "UIInterfaceOrientationLandscapeLeft UIInterfaceOrientationLandscapeRight UIInterfaceOrientationPortrait UIInterfaceOrientationPortraitUpsideDown";
				LD_RUNPATH_SEARCH_PATHS = (
					"$(inherited)",
					"@executable_path/Frameworks",
				);
				MARKETING_VERSION = 3.2;
				PRODUCT_BUNDLE_IDENTIFIER = com.jasonsapps.NutrientLogger;
				PRODUCT_NAME = "$(TARGET_NAME)";
				SUPPORTED_PLATFORMS = "iphoneos iphonesimulator";
				SUPPORTS_MACCATALYST = NO;
				SUPPORTS_MAC_DESIGNED_FOR_IPHONE_IPAD = NO;
				SUPPORTS_XR_DESIGNED_FOR_IPHONE_IPAD = NO;
				SWIFT_EMIT_LOC_STRINGS = YES;
				SWIFT_VERSION = 5.0;
				TARGETED_DEVICE_FAMILY = 1;
			};
			name = Release;
		};
		567B99462DA3C42C005CC6D3 /* Debug */ = {
			isa = XCBuildConfiguration;
			buildSettings = {
				BUNDLE_LOADER = "$(TEST_HOST)";
				CLANG_ENABLE_MODULES = YES;
				CODE_SIGN_STYLE = Automatic;
				CURRENT_PROJECT_VERSION = 1;
				DEVELOPMENT_TEAM = QTXW6735S3;
				GENERATE_INFOPLIST_FILE = YES;
				IPHONEOS_DEPLOYMENT_TARGET = 18.4;
				MARKETING_VERSION = 1.0;
				PRODUCT_BUNDLE_IDENTIFIER = "com.jasonsapps.Nutrient-LoggerTests";
				PRODUCT_NAME = "$(TARGET_NAME)";
				SWIFT_EMIT_LOC_STRINGS = NO;
				SWIFT_OPTIMIZATION_LEVEL = "-Onone";
				SWIFT_VERSION = 5.0;
				TARGETED_DEVICE_FAMILY = "1,2";
				TEST_HOST = "$(BUILT_PRODUCTS_DIR)/Nutrient Logger.app/$(BUNDLE_EXECUTABLE_FOLDER_PATH)/Nutrient Logger";
			};
			name = Debug;
		};
		567B99472DA3C42C005CC6D3 /* Release */ = {
			isa = XCBuildConfiguration;
			buildSettings = {
				BUNDLE_LOADER = "$(TEST_HOST)";
				CLANG_ENABLE_MODULES = YES;
				CODE_SIGN_STYLE = Automatic;
				CURRENT_PROJECT_VERSION = 1;
				DEVELOPMENT_TEAM = QTXW6735S3;
				GENERATE_INFOPLIST_FILE = YES;
				IPHONEOS_DEPLOYMENT_TARGET = 18.4;
				MARKETING_VERSION = 1.0;
				PRODUCT_BUNDLE_IDENTIFIER = "com.jasonsapps.Nutrient-LoggerTests";
				PRODUCT_NAME = "$(TARGET_NAME)";
				SWIFT_EMIT_LOC_STRINGS = NO;
				SWIFT_VERSION = 5.0;
				TARGETED_DEVICE_FAMILY = "1,2";
				TEST_HOST = "$(BUILT_PRODUCTS_DIR)/Nutrient Logger.app/$(BUNDLE_EXECUTABLE_FOLDER_PATH)/Nutrient Logger";
			};
			name = Release;
		};
		567B99492DA3C42C005CC6D3 /* Debug */ = {
			isa = XCBuildConfiguration;
			buildSettings = {
				CODE_SIGN_STYLE = Automatic;
				CURRENT_PROJECT_VERSION = 1;
				DEVELOPMENT_TEAM = QTXW6735S3;
				GENERATE_INFOPLIST_FILE = YES;
				MARKETING_VERSION = 1.0;
				PRODUCT_BUNDLE_IDENTIFIER = "com.jasonsapps.Nutrient-LoggerUITests";
				PRODUCT_NAME = "$(TARGET_NAME)";
				SWIFT_EMIT_LOC_STRINGS = NO;
				SWIFT_VERSION = 5.0;
				TARGETED_DEVICE_FAMILY = "1,2";
				TEST_TARGET_NAME = "Nutrient Logger";
			};
			name = Debug;
		};
		567B994A2DA3C42C005CC6D3 /* Release */ = {
			isa = XCBuildConfiguration;
			buildSettings = {
				CODE_SIGN_STYLE = Automatic;
				CURRENT_PROJECT_VERSION = 1;
				DEVELOPMENT_TEAM = QTXW6735S3;
				GENERATE_INFOPLIST_FILE = YES;
				MARKETING_VERSION = 1.0;
				PRODUCT_BUNDLE_IDENTIFIER = "com.jasonsapps.Nutrient-LoggerUITests";
				PRODUCT_NAME = "$(TARGET_NAME)";
				SWIFT_EMIT_LOC_STRINGS = NO;
				SWIFT_VERSION = 5.0;
				TARGETED_DEVICE_FAMILY = "1,2";
				TEST_TARGET_NAME = "Nutrient Logger";
			};
			name = Release;
		};
/* End XCBuildConfiguration section */

/* Begin XCConfigurationList section */
		567B991A2DA3C42B005CC6D3 /* Build configuration list for PBXProject "Nutrient Logger" */ = {
			isa = XCConfigurationList;
			buildConfigurations = (
				567B99402DA3C42C005CC6D3 /* Debug */,
				567B99412DA3C42C005CC6D3 /* Release */,
			);
			defaultConfigurationIsVisible = 0;
			defaultConfigurationName = Release;
		};
		567B99422DA3C42C005CC6D3 /* Build configuration list for PBXNativeTarget "Nutrient Logger" */ = {
			isa = XCConfigurationList;
			buildConfigurations = (
				567B99432DA3C42C005CC6D3 /* Debug */,
				567B99442DA3C42C005CC6D3 /* Release */,
			);
			defaultConfigurationIsVisible = 0;
			defaultConfigurationName = Release;
		};
		567B99452DA3C42C005CC6D3 /* Build configuration list for PBXNativeTarget "Nutrient LoggerTests" */ = {
			isa = XCConfigurationList;
			buildConfigurations = (
				567B99462DA3C42C005CC6D3 /* Debug */,
				567B99472DA3C42C005CC6D3 /* Release */,
			);
			defaultConfigurationIsVisible = 0;
			defaultConfigurationName = Release;
		};
		567B99482DA3C42C005CC6D3 /* Build configuration list for PBXNativeTarget "Nutrient LoggerUITests" */ = {
			isa = XCConfigurationList;
			buildConfigurations = (
				567B99492DA3C42C005CC6D3 /* Debug */,
				567B994A2DA3C42C005CC6D3 /* Release */,
			);
			defaultConfigurationIsVisible = 0;
			defaultConfigurationName = Release;
		};
/* End XCConfigurationList section */

/* Begin XCRemoteSwiftPackageReference section */
		567B99B02DA47843005CC6D3 /* XCRemoteSwiftPackageReference "SQLite.swift" */ = {
			isa = XCRemoteSwiftPackageReference;
			repositoryURL = "https://github.com/stephencelis/SQLite.swift.git";
			requirement = {
				kind = upToNextMajorVersion;
				minimumVersion = 0.15.3;
			};
		};
		567B9A702DA48A57005CC6D3 /* XCRemoteSwiftPackageReference "SwiftSoup" */ = {
			isa = XCRemoteSwiftPackageReference;
			repositoryURL = "https://github.com/scinfu/SwiftSoup.git";
			requirement = {
				kind = upToNextMajorVersion;
				minimumVersion = 2.8.7;
			};
		};
		567B9A842DA48C05005CC6D3 /* XCRemoteSwiftPackageReference "RijndaelSwift" */ = {
			isa = XCRemoteSwiftPackageReference;
			repositoryURL = "https://github.com/superk589/RijndaelSwift.git";
			requirement = {
				kind = upToNextMajorVersion;
				minimumVersion = 0.3.0;
			};
		};
		567B9AED2DA49FFE005CC6D3 /* XCRemoteSwiftPackageReference "Swinject" */ = {
			isa = XCRemoteSwiftPackageReference;
			repositoryURL = "https://github.com/Swinject/Swinject.git";
			requirement = {
				kind = upToNextMajorVersion;
				minimumVersion = 2.9.1;
			};
		};
		567B9AF02DA4A011005CC6D3 /* XCRemoteSwiftPackageReference "SwinjectAutoregistration" */ = {
			isa = XCRemoteSwiftPackageReference;
			repositoryURL = "https://github.com/Swinject/SwinjectAutoregistration.git";
			requirement = {
				kind = upToNextMajorVersion;
				minimumVersion = 2.9.1;
			};
		};
		567B9EF72DB4E6AE005CC6D3 /* XCRemoteSwiftPackageReference "firebase-ios-sdk" */ = {
			isa = XCRemoteSwiftPackageReference;
			repositoryURL = "https://github.com/firebase/firebase-ios-sdk.git";
			requirement = {
				kind = upToNextMajorVersion;
				minimumVersion = 11.11.0;
			};
		};
		567BA0EE2DB4EBAF005CC6D3 /* XCRemoteSwiftPackageReference "swift-package-manager-google-mobile-ads" */ = {
			isa = XCRemoteSwiftPackageReference;
			repositoryURL = "https://github.com/googleads/swift-package-manager-google-mobile-ads.git";
			requirement = {
				kind = upToNextMajorVersion;
				minimumVersion = 12.3.0;
			};
		};
/* End XCRemoteSwiftPackageReference section */

/* Begin XCSwiftPackageProductDependency section */
		567B99B12DA47843005CC6D3 /* SQLite */ = {
			isa = XCSwiftPackageProductDependency;
			package = 567B99B02DA47843005CC6D3 /* XCRemoteSwiftPackageReference "SQLite.swift" */;
			productName = SQLite;
		};
		567B9A712DA48A57005CC6D3 /* SwiftSoup */ = {
			isa = XCSwiftPackageProductDependency;
			package = 567B9A702DA48A57005CC6D3 /* XCRemoteSwiftPackageReference "SwiftSoup" */;
			productName = SwiftSoup;
		};
		567B9A852DA48C05005CC6D3 /* RijndaelSwift */ = {
			isa = XCSwiftPackageProductDependency;
			package = 567B9A842DA48C05005CC6D3 /* XCRemoteSwiftPackageReference "RijndaelSwift" */;
			productName = RijndaelSwift;
		};
		567B9AEE2DA49FFE005CC6D3 /* Swinject */ = {
			isa = XCSwiftPackageProductDependency;
			package = 567B9AED2DA49FFE005CC6D3 /* XCRemoteSwiftPackageReference "Swinject" */;
			productName = Swinject;
		};
		567B9AF12DA4A011005CC6D3 /* SwinjectAutoregistration */ = {
			isa = XCSwiftPackageProductDependency;
			package = 567B9AF02DA4A011005CC6D3 /* XCRemoteSwiftPackageReference "SwinjectAutoregistration" */;
			productName = SwinjectAutoregistration;
		};
		567B9EF82DB4E6AE005CC6D3 /* FirebaseAnalytics */ = {
			isa = XCSwiftPackageProductDependency;
			package = 567B9EF72DB4E6AE005CC6D3 /* XCRemoteSwiftPackageReference "firebase-ios-sdk" */;
			productName = FirebaseAnalytics;
		};
		567BA0EF2DB4EBAF005CC6D3 /* GoogleMobileAds */ = {
			isa = XCSwiftPackageProductDependency;
			package = 567BA0EE2DB4EBAF005CC6D3 /* XCRemoteSwiftPackageReference "swift-package-manager-google-mobile-ads" */;
			productName = GoogleMobileAds;
		};
/* End XCSwiftPackageProductDependency section */
	};
	rootObject = 567B99172DA3C42B005CC6D3 /* Project object */;
}
