{
  "originHash" : "c12dd172356d42db1665fbc9287cc1e688b4ad5beef379eea080e0a9351c0994",
  "pins" : [
    {
      "identity" : "rijndaelswift",
      "kind" : "remoteSourceControl",
      "location" : "https://github.com/superk589/RijndaelSwift.git",
      "state" : {
        "revision" : "54ea36cab3b022cf060458c98b4a5089f5bd72dc",
        "version" : "0.3.0"
      }
    },
    {
      "identity" : "sqlite.swift",
      "kind" : "remoteSourceControl",
      "location" : "https://github.com/stephencelis/SQLite.swift.git",
      "state" : {
        "revision" : "a95fc6df17d108bd99210db5e8a9bac90fe984b8",
        "version" : "0.15.3"
      }
    },
    {
      "identity" : "swiftsoup",
      "kind" : "remoteSourceControl",
      "location" : "https://github.com/scinfu/SwiftSoup.git",
      "state" : {
        "revision" : "bba848db50462894e7fc0891d018dfecad4ef11e",
        "version" : "2.8.7"
      }
    }
  ],
  "version" : 3
}
